
Microsoft Visual Studio Solution File, Format Version 12.00
# Visual Studio Version 17
VisualStudioVersion = 17.7.34031.279
MinimumVisualStudioVersion = 10.0.40219.1
Project("{FAE04EC0-301F-11D3-BF4B-00C04F79EFBC}") = "lab4", "lab4\lab4.csproj", "{471041D3-C137-4663-A675-201F5D4DD92D}"
EndProject
Global
	GlobalSection(SolutionConfigurationPlatforms) = preSolution
		Debug|Any CPU = Debug|Any CPU
		Release|Any CPU = Release|Any CPU
	EndGlobalSection
	GlobalSection(ProjectConfigurationPlatforms) = postSolution
		{471041D3-C137-4663-A675-201F5D4DD92D}.Debug|Any CPU.ActiveCfg = Debug|Any CPU
		{471041D3-C137-4663-A675-201F5D4DD92D}.Debug|Any CPU.Build.0 = Debug|Any CPU
		{471041D3-C137-4663-A675-201F5D4DD92D}.Release|Any CPU.ActiveCfg = Release|Any CPU
		{471041D3-C137-4663-A675-201F5D4DD92D}.Release|Any CPU.Build.0 = Release|Any CPU
	EndGlobalSection
	GlobalSection(SolutionProperties) = preSolution
		HideSolutionNode = FALSE
	EndGlobalSection
	GlobalSection(ExtensibilityGlobals) = postSolution
		SolutionGuid = {7BFA5145-1B95-40DB-90CB-F1DEEA658B99}
	EndGlobalSection
EndGlobal
